<?xml version="1.0" encoding="utf-8"?>
<Project ToolsVersion="4.0" xmlns="http://schemas.microsoft.com/developer/msbuild/2003">
  <ItemGroup>
    <ClInclude Include="src\ExampleLayer.h" />
    <ClInclude Include="src\ParticlesLayer.h" />
    <ClInclude Include="src\Sandbox2D.h" />
    <ClInclude Include="src\Sandbox3D.h" />
    <ClInclude Include="src\OBJLayer.h" />
    <ClInclude Include="src\BatchRenderingLayer.h" />
    <ClInclude Include="src\ParticleSystem.h" />
  </ItemGroup>
  <ItemGroup>
    <ClCompile Include="src\ExampleLayer.cpp" />
    <ClCompile Include="src\ParticlesLayer.cpp" />
    <ClCompile Include="src\Sandbox2D.cpp" />
    <ClCompile Include="src\Sandbox3D.cpp" />
    <ClCompile Include="src\SandboxApp.cpp" />
    <ClCompile Include="src\OBJLayer.cpp" />
    <ClCompile Include="src\BatchRenderingLayer.cpp" />
    <ClCompile Include="src\ParticleSystem.cpp" />
  </ItemGroup>
</Project>