<?xml version="1.0" encoding="utf-8"?>
<Project ToolsVersion="4.0" xmlns="http://schemas.microsoft.com/developer/msbuild/2003">
  <ItemGroup>
    <Filter Include="Hazel">
      <UniqueIdentifier>{99294D0D-053E-75BE-CEBF-181E3A9371EF}</UniqueIdentifier>
    </Filter>
    <Filter Include="Hazel\Core">
      <UniqueIdentifier>{91354D71-7DED-8EBE-E6F4-671AD2CB29AF}</UniqueIdentifier>
    </Filter>
    <Filter Include="Hazel\Core\Events">
      <UniqueIdentifier>{55D47E96-C1EA-7C2C-0A62-084E76B74DB4}</UniqueIdentifier>
    </Filter>
    <Filter Include="Hazel\Core\Math">
      <UniqueIdentifier>{0ABD9040-7648-FE04-7F59-81F9EB635A05}</UniqueIdentifier>
    </Filter>
    <Filter Include="Hazel\Editor">
      <UniqueIdentifier>{AF804FFD-9BE3-DEA1-4469-175830ABAA24}</UniqueIdentifier>
    </Filter>
    <Filter Include="Hazel\ImGui">
      <UniqueIdentifier>{83AD5E9B-EF62-D790-7857-D167E40BCE94}</UniqueIdentifier>
    </Filter>
    <Filter Include="Hazel\Platform">
      <UniqueIdentifier>{0D422A0B-F90F-1E11-E2A3-8E37CE10FA75}</UniqueIdentifier>
    </Filter>
    <Filter Include="Hazel\Platform\OpenGL">
      <UniqueIdentifier>{A17A8072-0DE7-3B6D-D6DA-D3CA42065ED5}</UniqueIdentifier>
    </Filter>
    <Filter Include="Hazel\Platform\Windows">
      <UniqueIdentifier>{47A9AB1A-33A3-D46C-1C10-6B7D08A93AD9}</UniqueIdentifier>
    </Filter>
    <Filter Include="Hazel\Renderer">
      <UniqueIdentifier>{5F4907E6-4B17-FBEB-34AB-6B122018D750}</UniqueIdentifier>
    </Filter>
    <Filter Include="Hazel\Scene">
      <UniqueIdentifier>{76A50E9C-E25A-8791-6B4F-8168D7037E95}</UniqueIdentifier>
    </Filter>
    <Filter Include="Hazel\Vendor">
      <UniqueIdentifier>{B6C50B25-A228-9BC9-4BAE-D37F37F0664C}</UniqueIdentifier>
    </Filter>
  </ItemGroup>
  <ItemGroup>
    <ClInclude Include="src\Hazel.h" />
    <ClInclude Include="src\Hazel\Core\Application.h">
      <Filter>Hazel\Core</Filter>
    </ClInclude>
    <ClInclude Include="src\Hazel\Core\Assert.h">
      <Filter>Hazel\Core</Filter>
    </ClInclude>
    <ClInclude Include="src\Hazel\Core\Base.h">
      <Filter>Hazel\Core</Filter>
    </ClInclude>
    <ClInclude Include="src\Hazel\Core\Buffer.h">
      <Filter>Hazel\Core</Filter>
    </ClInclude>
    <ClInclude Include="src\Hazel\Core\Events\ApplicationEvent.h">
      <Filter>Hazel\Core\Events</Filter>
    </ClInclude>
    <ClInclude Include="src\Hazel\Core\Events\Event.h">
      <Filter>Hazel\Core\Events</Filter>
    </ClInclude>
    <ClInclude Include="src\Hazel\Core\Events\KeyEvent.h">
      <Filter>Hazel\Core\Events</Filter>
    </ClInclude>
    <ClInclude Include="src\Hazel\Core\Events\MouseEvent.h">
      <Filter>Hazel\Core\Events</Filter>
    </ClInclude>
    <ClInclude Include="src\Hazel\Core\Input.h">
      <Filter>Hazel\Core</Filter>
    </ClInclude>
    <ClInclude Include="src\Hazel\Core\KeyCodes.h">
      <Filter>Hazel\Core</Filter>
    </ClInclude>
    <ClInclude Include="src\Hazel\Core\Layer.h">
      <Filter>Hazel\Core</Filter>
    </ClInclude>
    <ClInclude Include="src\Hazel\Core\LayerStack.h">
      <Filter>Hazel\Core</Filter>
    </ClInclude>
    <ClInclude Include="src\Hazel\Core\Log.h">
      <Filter>Hazel\Core</Filter>
    </ClInclude>
    <ClInclude Include="src\Hazel\Core\Math\Mat4.h">
      <Filter>Hazel\Core\Math</Filter>
    </ClInclude>
    <ClInclude Include="src\Hazel\Core\Platform.h">
      <Filter>Hazel\Core</Filter>
    </ClInclude>
    <ClInclude Include="src\Hazel\Core\TimeStep.h">
      <Filter>Hazel\Core</Filter>
    </ClInclude>
    <ClInclude Include="src\Hazel\Core\Window.h">
      <Filter>Hazel\Core</Filter>
    </ClInclude>
    <ClInclude Include="src\Hazel\Editor\SceneHierarchyPanel.h">
      <Filter>Hazel\Editor</Filter>
    </ClInclude>
    <ClInclude Include="src\Hazel\EntryPoint.h">
      <Filter>Hazel</Filter>
    </ClInclude>
    <ClInclude Include="src\Hazel\ImGui\ImGuiLayer.h">
      <Filter>Hazel\ImGui</Filter>
    </ClInclude>
    <ClInclude Include="src\Hazel\ImGui\ImGuizmo.h">
      <Filter>Hazel\ImGui</Filter>
    </ClInclude>
    <ClInclude Include="src\Hazel\Platform\OpenGL\OpenGLBuffer.h">
      <Filter>Hazel\Platform\OpenGL</Filter>
    </ClInclude>
    <ClInclude Include="src\Hazel\Platform\OpenGL\OpenGLFramebuffer.h">
      <Filter>Hazel\Platform\OpenGL</Filter>
    </ClInclude>
    <ClInclude Include="src\Hazel\Platform\OpenGL\OpenGLRenderPass.h">
      <Filter>Hazel\Platform\OpenGL</Filter>
    </ClInclude>
    <ClInclude Include="src\Hazel\Platform\OpenGL\OpenGLShader.h">
      <Filter>Hazel\Platform\OpenGL</Filter>
    </ClInclude>
    <ClInclude Include="src\Hazel\Platform\OpenGL\OpenGLShaderUniform.h">
      <Filter>Hazel\Platform\OpenGL</Filter>
    </ClInclude>
    <ClInclude Include="src\Hazel\Platform\OpenGL\OpenGLTexture.h">
      <Filter>Hazel\Platform\OpenGL</Filter>
    </ClInclude>
    <ClInclude Include="src\Hazel\Platform\OpenGL\OpenGLVertexArray.h">
      <Filter>Hazel\Platform\OpenGL</Filter>
    </ClInclude>
    <ClInclude Include="src\Hazel\Platform\Windows\WindowsWindow.h">
      <Filter>Hazel\Platform\Windows</Filter>
    </ClInclude>
    <ClInclude Include="src\Hazel\Renderer\Buffer.h">
      <Filter>Hazel\Renderer</Filter>
    </ClInclude>
    <ClInclude Include="src\Hazel\Renderer\Camera.h">
      <Filter>Hazel\Renderer</Filter>
    </ClInclude>
    <ClInclude Include="src\Hazel\Renderer\Framebuffer.h">
      <Filter>Hazel\Renderer</Filter>
    </ClInclude>
    <ClInclude Include="src\Hazel\Renderer\Material.h">
      <Filter>Hazel\Renderer</Filter>
    </ClInclude>
    <ClInclude Include="src\Hazel\Renderer\Mesh.h">
      <Filter>Hazel\Renderer</Filter>
    </ClInclude>
    <ClInclude Include="src\Hazel\Renderer\RenderCommandQueue.h">
      <Filter>Hazel\Renderer</Filter>
    </ClInclude>
    <ClInclude Include="src\Hazel\Renderer\RenderPass.h">
      <Filter>Hazel\Renderer</Filter>
    </ClInclude>
    <ClInclude Include="src\Hazel\Renderer\Renderer.h">
      <Filter>Hazel\Renderer</Filter>
    </ClInclude>
    <ClInclude Include="src\Hazel\Renderer\RendererAPI.h">
      <Filter>Hazel\Renderer</Filter>
    </ClInclude>
    <ClInclude Include="src\Hazel\Renderer\SceneRenderer.h">
      <Filter>Hazel\Renderer</Filter>
    </ClInclude>
    <ClInclude Include="src\Hazel\Renderer\Shader.h">
      <Filter>Hazel\Renderer</Filter>
    </ClInclude>
    <ClInclude Include="src\Hazel\Renderer\ShaderUniform.h">
      <Filter>Hazel\Renderer</Filter>
    </ClInclude>
    <ClInclude Include="src\Hazel\Renderer\Texture.h">
      <Filter>Hazel\Renderer</Filter>
    </ClInclude>
    <ClInclude Include="src\Hazel\Renderer\VertexArray.h">
      <Filter>Hazel\Renderer</Filter>
    </ClInclude>
    <ClInclude Include="src\Hazel\Scene\Entity.h">
      <Filter>Hazel\Scene</Filter>
    </ClInclude>
    <ClInclude Include="src\Hazel\Scene\Scene.h">
      <Filter>Hazel\Scene</Filter>
    </ClInclude>
    <ClInclude Include="src\hzpch.h" />
  </ItemGroup>
  <ItemGroup>
    <ClCompile Include="src\Hazel\Core\Application.cpp">
      <Filter>Hazel\Core</Filter>
    </ClCompile>
    <ClCompile Include="src\Hazel\Core\Base.cpp">
      <Filter>Hazel\Core</Filter>
    </ClCompile>
    <ClCompile Include="src\Hazel\Core\Layer.cpp">
      <Filter>Hazel\Core</Filter>
    </ClCompile>
    <ClCompile Include="src\Hazel\Core\LayerStack.cpp">
      <Filter>Hazel\Core</Filter>
    </ClCompile>
    <ClCompile Include="src\Hazel\Core\Log.cpp">
      <Filter>Hazel\Core</Filter>
    </ClCompile>
    <ClCompile Include="src\Hazel\Core\Math\Mat4.cpp">
      <Filter>Hazel\Core\Math</Filter>
    </ClCompile>
    <ClCompile Include="src\Hazel\Core\TimeStep.cpp">
      <Filter>Hazel\Core</Filter>
    </ClCompile>
    <ClCompile Include="src\Hazel\Core\Window.cpp">
      <Filter>Hazel\Core</Filter>
    </ClCompile>
    <ClCompile Include="src\Hazel\Editor\SceneHierarchyPanel.cpp">
      <Filter>Hazel\Editor</Filter>
    </ClCompile>
    <ClCompile Include="src\Hazel\ImGui\ImGuiBuild.cpp">
      <Filter>Hazel\ImGui</Filter>
    </ClCompile>
    <ClCompile Include="src\Hazel\ImGui\ImGuiLayer.cpp">
      <Filter>Hazel\ImGui</Filter>
    </ClCompile>
    <ClCompile Include="src\Hazel\ImGui\ImGuizmo.cpp">
      <Filter>Hazel\ImGui</Filter>
    </ClCompile>
    <ClCompile Include="src\Hazel\Platform\OpenGL\OpenGLBuffer.cpp">
      <Filter>Hazel\Platform\OpenGL</Filter>
    </ClCompile>
    <ClCompile Include="src\Hazel\Platform\OpenGL\OpenGLFramebuffer.cpp">
      <Filter>Hazel\Platform\OpenGL</Filter>
    </ClCompile>
    <ClCompile Include="src\Hazel\Platform\OpenGL\OpenGLRenderPass.cpp">
      <Filter>Hazel\Platform\OpenGL</Filter>
    </ClCompile>
    <ClCompile Include="src\Hazel\Platform\OpenGL\OpenGLRendererAPI.cpp">
      <Filter>Hazel\Platform\OpenGL</Filter>
    </ClCompile>
    <ClCompile Include="src\Hazel\Platform\OpenGL\OpenGLShader.cpp">
      <Filter>Hazel\Platform\OpenGL</Filter>
    </ClCompile>
    <ClCompile Include="src\Hazel\Platform\OpenGL\OpenGLShaderUniform.cpp">
      <Filter>Hazel\Platform\OpenGL</Filter>
    </ClCompile>
    <ClCompile Include="src\Hazel\Platform\OpenGL\OpenGLTexture.cpp">
      <Filter>Hazel\Platform\OpenGL</Filter>
    </ClCompile>
    <ClCompile Include="src\Hazel\Platform\OpenGL\OpenGLVertexArray.cpp">
      <Filter>Hazel\Platform\OpenGL</Filter>
    </ClCompile>
    <ClCompile Include="src\Hazel\Platform\Windows\WindowsInput.cpp">
      <Filter>Hazel\Platform\Windows</Filter>
    </ClCompile>
    <ClCompile Include="src\Hazel\Platform\Windows\WindowsWindow.cpp">
      <Filter>Hazel\Platform\Windows</Filter>
    </ClCompile>
    <ClCompile Include="src\Hazel\Renderer\Buffer.cpp">
      <Filter>Hazel\Renderer</Filter>
    </ClCompile>
    <ClCompile Include="src\Hazel\Renderer\Camera.cpp">
      <Filter>Hazel\Renderer</Filter>
    </ClCompile>
    <ClCompile Include="src\Hazel\Renderer\Framebuffer.cpp">
      <Filter>Hazel\Renderer</Filter>
    </ClCompile>
    <ClCompile Include="src\Hazel\Renderer\Material.cpp">
      <Filter>Hazel\Renderer</Filter>
    </ClCompile>
    <ClCompile Include="src\Hazel\Renderer\Mesh.cpp">
      <Filter>Hazel\Renderer</Filter>
    </ClCompile>
    <ClCompile Include="src\Hazel\Renderer\RenderCommandQueue.cpp">
      <Filter>Hazel\Renderer</Filter>
    </ClCompile>
    <ClCompile Include="src\Hazel\Renderer\RenderPass.cpp">
      <Filter>Hazel\Renderer</Filter>
    </ClCompile>
    <ClCompile Include="src\Hazel\Renderer\Renderer.cpp">
      <Filter>Hazel\Renderer</Filter>
    </ClCompile>
    <ClCompile Include="src\Hazel\Renderer\SceneRenderer.cpp">
      <Filter>Hazel\Renderer</Filter>
    </ClCompile>
    <ClCompile Include="src\Hazel\Renderer\Shader.cpp">
      <Filter>Hazel\Renderer</Filter>
    </ClCompile>
    <ClCompile Include="src\Hazel\Renderer\Texture.cpp">
      <Filter>Hazel\Renderer</Filter>
    </ClCompile>
    <ClCompile Include="src\Hazel\Renderer\VertexArray.cpp">
      <Filter>Hazel\Renderer</Filter>
    </ClCompile>
    <ClCompile Include="src\Hazel\Scene\Entity.cpp">
      <Filter>Hazel\Scene</Filter>
    </ClCompile>
    <ClCompile Include="src\Hazel\Scene\Scene.cpp">
      <Filter>Hazel\Scene</Filter>
    </ClCompile>
    <ClCompile Include="src\Hazel\Vendor\stb_image.cpp">
      <Filter>Hazel\Vendor</Filter>
    </ClCompile>
    <ClCompile Include="src\hzpch.cpp" />
  </ItemGroup>
</Project>